
Microsoft Visual Studio Solution File, Format Version 12.00
# Visual Studio Version 16
VisualStudioVersion = 16.0.30204.135
MinimumVisualStudioVersion = 10.0.40219.1
Project("{FAE04EC0-301F-11D3-BF4B-00C04F79EFBC}") = "GeometryObjectsWithComposition", "GeometryObjectsWithComposition\GeometryObjectsWithComposition.csproj", "{B5902A1D-F00E-4CCB-96D4-04EC32638B7E}"
EndProject
Global
	GlobalSection(SolutionConfigurationPlatforms) = preSolution
		Debug|Any CPU = Debug|Any CPU
		Release|Any CPU = Release|Any CPU
	EndGlobalSection
	GlobalSection(ProjectConfigurationPlatforms) = postSolution
		{B5902A1D-F00E-4CCB-96D4-04EC32638B7E}.Debug|Any CPU.ActiveCfg = Debug|Any CPU
		{B5902A1D-F00E-4CCB-96D4-04EC32638B7E}.Debug|Any CPU.Build.0 = Debug|Any CPU
		{B5902A1D-F00E-4CCB-96D4-04EC32638B7E}.Release|Any CPU.ActiveCfg = Release|Any CPU
		{B5902A1D-F00E-4CCB-96D4-04EC32638B7E}.Release|Any CPU.Build.0 = Release|Any CPU
	EndGlobalSection
	GlobalSection(SolutionProperties) = preSolution
		HideSolutionNode = FALSE
	EndGlobalSection
	GlobalSection(ExtensibilityGlobals) = postSolution
		SolutionGuid = {CBF6DC4F-1599-4F31-BD5A-9D5E077E1616}
	EndGlobalSection
EndGlobal
